
Microsoft Visual Studio Solution File, Format Version 12.00
# Visual Studio Version 17
VisualStudioVersion = 17.0.31903.59
MinimumVisualStudioVersion = 10.0.40219.1
Project("{FAE04EC0-301F-11D3-BF4B-00C04F79EFBC}") = "reactCandidateTracker.Web", "reactCandidateTracker.Web\reactCandidateTracker.Web.csproj", "{5CB039C2-0E49-4CC2-879D-C5B6FEDCE111}"
EndProject
Project("{FAE04EC0-301F-11D3-BF4B-00C04F79EFBC}") = "reactCandidateTracker.Data", "reactCandidateTracker.Data\reactCandidateTracker.Data.csproj", "{FE3B7BD0-DD9A-4B8E-82CD-BCC4334D1271}"
EndProject
Global
	GlobalSection(SolutionConfigurationPlatforms) = preSolution
		Debug|Any CPU = Debug|Any CPU
		Release|Any CPU = Release|Any CPU
	EndGlobalSection
	GlobalSection(SolutionProperties) = preSolution
		HideSolutionNode = FALSE
	EndGlobalSection
	GlobalSection(ProjectConfigurationPlatforms) = postSolution
		{5CB039C2-0E49-4CC2-879D-C5B6FEDCE111}.Debug|Any CPU.ActiveCfg = Debug|Any CPU
		{5CB039C2-0E49-4CC2-879D-C5B6FEDCE111}.Debug|Any CPU.Build.0 = Debug|Any CPU
		{5CB039C2-0E49-4CC2-879D-C5B6FEDCE111}.Release|Any CPU.ActiveCfg = Release|Any CPU
		{5CB039C2-0E49-4CC2-879D-C5B6FEDCE111}.Release|Any CPU.Build.0 = Release|Any CPU
		{FE3B7BD0-DD9A-4B8E-82CD-BCC4334D1271}.Debug|Any CPU.ActiveCfg = Debug|Any CPU
		{FE3B7BD0-DD9A-4B8E-82CD-BCC4334D1271}.Debug|Any CPU.Build.0 = Debug|Any CPU
		{FE3B7BD0-DD9A-4B8E-82CD-BCC4334D1271}.Release|Any CPU.ActiveCfg = Release|Any CPU
		{FE3B7BD0-DD9A-4B8E-82CD-BCC4334D1271}.Release|Any CPU.Build.0 = Release|Any CPU
	EndGlobalSection
EndGlobal
